PODS:
  - XLPagerTabStrip (8.0.1)

DEPENDENCIES:
  - XLPagerTabStrip

SPEC REPOS:
  https://github.com/cocoapods/specs.git:
    - XLPagerTabStrip

SPEC CHECKSUMS:
  XLPagerTabStrip: c908b17cbf42fcd2598ee1adfc49bae25444d88a

PODFILE CHECKSUM: f41d4ed1fd425d285a4b539e58a5134f7ba37a75

COCOAPODS: 1.5.3
