PODS:
  - XLPagerTabStrip (8.0.1)

DEPENDENCIES:
  - XLPagerTabStrip

SPEC REPOS:
  https://github.com/cocoapods/specs.git:
    - XLPagerTabStrip

SPEC CHECKSUMS:
  XLPagerTabStrip: c908b17cbf42fcd2598ee1adfc49bae25444d88a

PODFILE CHECKSUM: 01523863e35a066a158f7545844bcaf4fd230217

COCOAPODS: 1.5.3
