// !$*UTF8*$!
{
	archiveVersion = 1;
	classes = {
	};
	objectVersion = 50;
	objects = {

/* Begin PBXBuildFile section */
		0C6A4CDF6EF766CD7EA73AF0 /* Pods_Marathon_TODO.framework in Frameworks */ = {isa = PBXBuildFile; fileRef = D2214C3C38C1B1DEEF298C31 /* Pods_Marathon_TODO.framework */; };
		F21506AF214F9FC600C6511D /* AppDelegate.swift in Sources */ = {isa = PBXBuildFile; fileRef = F21506AE214F9FC600C6511D /* AppDelegate.swift */; };
		F21506B1214F9FC600C6511D /* ViewController.swift in Sources */ = {isa = PBXBuildFile; fileRef = F21506B0214F9FC600C6511D /* ViewController.swift */; };
		F21506B4214F9FC600C6511D /* Main.storyboard in Resources */ = {isa = PBXBuildFile; fileRef = F21506B2214F9FC600C6511D /* Main.storyboard */; };
		F21506B6214F9FC800C6511D /* Assets.xcassets in Resources */ = {isa = PBXBuildFile; fileRef = F21506B5214F9FC800C6511D /* Assets.xcassets */; };
		F21506B9214F9FC800C6511D /* LaunchScreen.storyboard in Resources */ = {isa = PBXBuildFile; fileRef = F21506B7214F9FC800C6511D /* LaunchScreen.storyboard */; };
		F21506C9214FA00700C6511D /* ConfigureUserInterface.swift in Sources */ = {isa = PBXBuildFile; fileRef = F21506C1214FA00700C6511D /* ConfigureUserInterface.swift */; };
		F21506CA214FA00700C6511D /* Custom_ImageView.swift in Sources */ = {isa = PBXBuildFile; fileRef = F21506C2214FA00700C6511D /* Custom_ImageView.swift */; };
		F21506CB214FA00700C6511D /* UnderlinedTextField.swift in Sources */ = {isa = PBXBuildFile; fileRef = F21506C3214FA00700C6511D /* UnderlinedTextField.swift */; };
		F21506CC214FA00700C6511D /* Custom_Button.swift in Sources */ = {isa = PBXBuildFile; fileRef = F21506C4214FA00700C6511D /* Custom_Button.swift */; };
		F21506CD214FA00700C6511D /* Custom_Label.swift in Sources */ = {isa = PBXBuildFile; fileRef = F21506C5214FA00700C6511D /* Custom_Label.swift */; };
		F21506CE214FA00700C6511D /* Custom_Segment.swift in Sources */ = {isa = PBXBuildFile; fileRef = F21506C6214FA00700C6511D /* Custom_Segment.swift */; };
		F21506CF214FA00700C6511D /* Custom_View.swift in Sources */ = {isa = PBXBuildFile; fileRef = F21506C7214FA00700C6511D /* Custom_View.swift */; };
		F21506D0214FA00700C6511D /* customTF.swift in Sources */ = {isa = PBXBuildFile; fileRef = F21506C8214FA00700C6511D /* customTF.swift */; };
		F21506D2214FAB5600C6511D /* CalenderVC.swift in Sources */ = {isa = PBXBuildFile; fileRef = F21506D1214FAB5600C6511D /* CalenderVC.swift */; };
		F2697242214FBDEA00B26CD0 /* todoVC.swift in Sources */ = {isa = PBXBuildFile; fileRef = F2697241214FBDEA00B26CD0 /* todoVC.swift */; };
		F2697244214FBE8100B26CD0 /* todoTC.swift in Sources */ = {isa = PBXBuildFile; fileRef = F2697243214FBE8100B26CD0 /* todoTC.swift */; };
		F2E14535214FB542008AEBA7 /* calendarCell.swift in Sources */ = {isa = PBXBuildFile; fileRef = F2E14534214FB542008AEBA7 /* calendarCell.swift */; };
/* End PBXBuildFile section */

/* Begin PBXFileReference section */
		51101F3505FE147E14CF26AE /* Pods-Marathon-TODO.release.xcconfig */ = {isa = PBXFileReference; includeInIndex = 1; lastKnownFileType = text.xcconfig; name = "Pods-Marathon-TODO.release.xcconfig"; path = "Pods/Target Support Files/Pods-Marathon-TODO/Pods-Marathon-TODO.release.xcconfig"; sourceTree = "<group>"; };
		9EF9D132EF2EA89277D4C67A /* Pods-Marathon-TODO.debug.xcconfig */ = {isa = PBXFileReference; includeInIndex = 1; lastKnownFileType = text.xcconfig; name = "Pods-Marathon-TODO.debug.xcconfig"; path = "Pods/Target Support Files/Pods-Marathon-TODO/Pods-Marathon-TODO.debug.xcconfig"; sourceTree = "<group>"; };
		D2214C3C38C1B1DEEF298C31 /* Pods_Marathon_TODO.framework */ = {isa = PBXFileReference; explicitFileType = wrapper.framework; includeInIndex = 0; path = Pods_Marathon_TODO.framework; sourceTree = BUILT_PRODUCTS_DIR; };
		F21506AB214F9FC600C6511D /* Marathon-TODO.app */ = {isa = PBXFileReference; explicitFileType = wrapper.application; includeInIndex = 0; path = "Marathon-TODO.app"; sourceTree = BUILT_PRODUCTS_DIR; };
		F21506AE214F9FC600C6511D /* AppDelegate.swift */ = {isa = PBXFileReference; lastKnownFileType = sourcecode.swift; path = AppDelegate.swift; sourceTree = "<group>"; };
		F21506B0214F9FC600C6511D /* ViewController.swift */ = {isa = PBXFileReference; lastKnownFileType = sourcecode.swift; path = ViewController.swift; sourceTree = "<group>"; };
		F21506B3214F9FC600C6511D /* Base */ = {isa = PBXFileReference; lastKnownFileType = file.storyboard; name = Base; path = Base.lproj/Main.storyboard; sourceTree = "<group>"; };
		F21506B5214F9FC800C6511D /* Assets.xcassets */ = {isa = PBXFileReference; lastKnownFileType = folder.assetcatalog; path = Assets.xcassets; sourceTree = "<group>"; };
		F21506B8214F9FC800C6511D /* Base */ = {isa = PBXFileReference; lastKnownFileType = file.storyboard; name = Base; path = Base.lproj/LaunchScreen.storyboard; sourceTree = "<group>"; };
		F21506BA214F9FC800C6511D /* Info.plist */ = {isa = PBXFileReference; lastKnownFileType = text.plist.xml; path = Info.plist; sourceTree = "<group>"; };
		F21506C1214FA00700C6511D /* ConfigureUserInterface.swift */ = {isa = PBXFileReference; fileEncoding = 4; lastKnownFileType = sourcecode.swift; path = ConfigureUserInterface.swift; sourceTree = "<group>"; };
		F21506C2214FA00700C6511D /* Custom_ImageView.swift */ = {isa = PBXFileReference; fileEncoding = 4; lastKnownFileType = sourcecode.swift; path = Custom_ImageView.swift; sourceTree = "<group>"; };
		F21506C3214FA00700C6511D /* UnderlinedTextField.swift */ = {isa = PBXFileReference; fileEncoding = 4; lastKnownFileType = sourcecode.swift; path = UnderlinedTextField.swift; sourceTree = "<group>"; };
		F21506C4214FA00700C6511D /* Custom_Button.swift */ = {isa = PBXFileReference; fileEncoding = 4; lastKnownFileType = sourcecode.swift; path = Custom_Button.swift; sourceTree = "<group>"; };
		F21506C5214FA00700C6511D /* Custom_Label.swift */ = {isa = PBXFileReference; fileEncoding = 4; lastKnownFileType = sourcecode.swift; path = Custom_Label.swift; sourceTree = "<group>"; };
		F21506C6214FA00700C6511D /* Custom_Segment.swift */ = {isa = PBXFileReference; fileEncoding = 4; lastKnownFileType = sourcecode.swift; path = Custom_Segment.swift; sourceTree = "<group>"; };
		F21506C7214FA00700C6511D /* Custom_View.swift */ = {isa = PBXFileReference; fileEncoding = 4; lastKnownFileType = sourcecode.swift; path = Custom_View.swift; sourceTree = "<group>"; };
		F21506C8214FA00700C6511D /* customTF.swift */ = {isa = PBXFileReference; fileEncoding = 4; lastKnownFileType = sourcecode.swift; path = customTF.swift; sourceTree = "<group>"; };
		F21506D1214FAB5600C6511D /* CalenderVC.swift */ = {isa = PBXFileReference; fileEncoding = 4; lastKnownFileType = sourcecode.swift; path = CalenderVC.swift; sourceTree = "<group>"; };
		F2697241214FBDEA00B26CD0 /* todoVC.swift */ = {isa = PBXFileReference; lastKnownFileType = sourcecode.swift; path = todoVC.swift; sourceTree = "<group>"; };
		F2697243214FBE8100B26CD0 /* todoTC.swift */ = {isa = PBXFileReference; lastKnownFileType = sourcecode.swift; path = todoTC.swift; sourceTree = "<group>"; };
		F2E14534214FB542008AEBA7 /* calendarCell.swift */ = {isa = PBXFileReference; lastKnownFileType = sourcecode.swift; path = calendarCell.swift; sourceTree = "<group>"; };
/* End PBXFileReference section */

/* Begin PBXFrameworksBuildPhase section */
		F21506A8214F9FC600C6511D /* Frameworks */ = {
			isa = PBXFrameworksBuildPhase;
			buildActionMask = 2147483647;
			files = (
				0C6A4CDF6EF766CD7EA73AF0 /* Pods_Marathon_TODO.framework in Frameworks */,
			);
			runOnlyForDeploymentPostprocessing = 0;
		};
/* End PBXFrameworksBuildPhase section */

/* Begin PBXGroup section */
		5CE1F27B156444555CA5157F /* Pods */ = {
			isa = PBXGroup;
			children = (
				9EF9D132EF2EA89277D4C67A /* Pods-Marathon-TODO.debug.xcconfig */,
				51101F3505FE147E14CF26AE /* Pods-Marathon-TODO.release.xcconfig */,
			);
			name = Pods;
			sourceTree = "<group>";
		};
		75E12ECF9932B8EC00952D50 /* Frameworks */ = {
			isa = PBXGroup;
			children = (
				D2214C3C38C1B1DEEF298C31 /* Pods_Marathon_TODO.framework */,
			);
			name = Frameworks;
			sourceTree = "<group>";
		};
		F21506A2214F9FC600C6511D = {
			isa = PBXGroup;
			children = (
				F21506AD214F9FC600C6511D /* Marathon-TODO */,
				F21506AC214F9FC600C6511D /* Products */,
				5CE1F27B156444555CA5157F /* Pods */,
				75E12ECF9932B8EC00952D50 /* Frameworks */,
			);
			sourceTree = "<group>";
		};
		F21506AC214F9FC600C6511D /* Products */ = {
			isa = PBXGroup;
			children = (
				F21506AB214F9FC600C6511D /* Marathon-TODO.app */,
			);
			name = Products;
			sourceTree = "<group>";
		};
		F21506AD214F9FC600C6511D /* Marathon-TODO */ = {
			isa = PBXGroup;
			children = (
				F21506C0214F9FF000C6511D /* Customize */,
				F21506AE214F9FC600C6511D /* AppDelegate.swift */,
				F21506B0214F9FC600C6511D /* ViewController.swift */,
				F21506D1214FAB5600C6511D /* CalenderVC.swift */,
				F21506B2214F9FC600C6511D /* Main.storyboard */,
				F21506B5214F9FC800C6511D /* Assets.xcassets */,
				F21506B7214F9FC800C6511D /* LaunchScreen.storyboard */,
				F21506BA214F9FC800C6511D /* Info.plist */,
				F2E14534214FB542008AEBA7 /* calendarCell.swift */,
				F2697241214FBDEA00B26CD0 /* todoVC.swift */,
				F2697243214FBE8100B26CD0 /* todoTC.swift */,
			);
			path = "Marathon-TODO";
			sourceTree = "<group>";
		};
		F21506C0214F9FF000C6511D /* Customize */ = {
			isa = PBXGroup;
			children = (
				F21506C1214FA00700C6511D /* ConfigureUserInterface.swift */,
				F21506C4214FA00700C6511D /* Custom_Button.swift */,
				F21506C2214FA00700C6511D /* Custom_ImageView.swift */,
				F21506C5214FA00700C6511D /* Custom_Label.swift */,
				F21506C6214FA00700C6511D /* Custom_Segment.swift */,
				F21506C7214FA00700C6511D /* Custom_View.swift */,
				F21506C8214FA00700C6511D /* customTF.swift */,
				F21506C3214FA00700C6511D /* UnderlinedTextField.swift */,
			);
			path = Customize;
			sourceTree = "<group>";
		};
/* End PBXGroup section */

/* Begin PBXNativeTarget section */
		F21506AA214F9FC600C6511D /* Marathon-TODO */ = {
			isa = PBXNativeTarget;
			buildConfigurationList = F21506BD214F9FC800C6511D /* Build configuration list for PBXNativeTarget "Marathon-TODO" */;
			buildPhases = (
				99F8630544FA36E4A1D4BC83 /* [CP] Check Pods Manifest.lock */,
				F21506A7214F9FC600C6511D /* Sources */,
				F21506A8214F9FC600C6511D /* Frameworks */,
				F21506A9214F9FC600C6511D /* Resources */,
				3229746F82A8555FAFBCEA5D /* [CP] Embed Pods Frameworks */,
			);
			buildRules = (
			);
			dependencies = (
			);
			name = "Marathon-TODO";
			productName = "Marathon-TODO";
			productReference = F21506AB214F9FC600C6511D /* Marathon-TODO.app */;
			productType = "com.apple.product-type.application";
		};
/* End PBXNativeTarget section */

/* Begin PBXProject section */
		F21506A3214F9FC600C6511D /* Project object */ = {
			isa = PBXProject;
			attributes = {
				LastSwiftUpdateCheck = 0940;
				LastUpgradeCheck = 0940;
				ORGANIZATIONNAME = "Syed ShahRukh Haider";
				TargetAttributes = {
					F21506AA214F9FC600C6511D = {
						CreatedOnToolsVersion = 9.4;
					};
				};
			};
			buildConfigurationList = F21506A6214F9FC600C6511D /* Build configuration list for PBXProject "Marathon-TODO" */;
			compatibilityVersion = "Xcode 9.3";
			developmentRegion = en;
			hasScannedForEncodings = 0;
			knownRegions = (
				en,
				Base,
			);
			mainGroup = F21506A2214F9FC600C6511D;
			productRefGroup = F21506AC214F9FC600C6511D /* Products */;
			projectDirPath = "";
			projectRoot = "";
			targets = (
				F21506AA214F9FC600C6511D /* Marathon-TODO */,
			);
		};
/* End PBXProject section */

/* Begin PBXResourcesBuildPhase section */
		F21506A9214F9FC600C6511D /* Resources */ = {
			isa = PBXResourcesBuildPhase;
			buildActionMask = 2147483647;
			files = (
				F21506B9214F9FC800C6511D /* LaunchScreen.storyboard in Resources */,
				F21506B6214F9FC800C6511D /* Assets.xcassets in Resources */,
				F21506B4214F9FC600C6511D /* Main.storyboard in Resources */,
			);
			runOnlyForDeploymentPostprocessing = 0;
		};
/* End PBXResourcesBuildPhase section */

/* Begin PBXShellScriptBuildPhase section */
		3229746F82A8555FAFBCEA5D /* [CP] Embed Pods Frameworks */ = {
			isa = PBXShellScriptBuildPhase;
			buildActionMask = 2147483647;
			files = (
			);
			inputPaths = (
				"${SRCROOT}/Pods/Target Support Files/Pods-Marathon-TODO/Pods-Marathon-TODO-frameworks.sh",
				"${BUILT_PRODUCTS_DIR}/CVCalendar/CVCalendar.framework",
			);
			name = "[CP] Embed Pods Frameworks";
			outputPaths = (
				"${TARGET_BUILD_DIR}/${FRAMEWORKS_FOLDER_PATH}/CVCalendar.framework",
			);
			runOnlyForDeploymentPostprocessing = 0;
			shellPath = /bin/sh;
			shellScript = "\"${SRCROOT}/Pods/Target Support Files/Pods-Marathon-TODO/Pods-Marathon-TODO-frameworks.sh\"\n";
			showEnvVarsInLog = 0;
		};
		99F8630544FA36E4A1D4BC83 /* [CP] Check Pods Manifest.lock */ = {
			isa = PBXShellScriptBuildPhase;
			buildActionMask = 2147483647;
			files = (
			);
			inputPaths = (
				"${PODS_PODFILE_DIR_PATH}/Podfile.lock",
				"${PODS_ROOT}/Manifest.lock",
			);
			name = "[CP] Check Pods Manifest.lock";
			outputPaths = (
				"$(DERIVED_FILE_DIR)/Pods-Marathon-TODO-checkManifestLockResult.txt",
			);
			runOnlyForDeploymentPostprocessing = 0;
			shellPath = /bin/sh;
			shellScript = "diff \"${PODS_PODFILE_DIR_PATH}/Podfile.lock\" \"${PODS_ROOT}/Manifest.lock\" > /dev/null\nif [ $? != 0 ] ; then\n    # print error to STDERR\n    echo \"error: The sandbox is not in sync with the Podfile.lock. Run 'pod install' or update your CocoaPods installation.\" >&2\n    exit 1\nfi\n# This output is used by Xcode 'outputs' to avoid re-running this script phase.\necho \"SUCCESS\" > \"${SCRIPT_OUTPUT_FILE_0}\"\n";
			showEnvVarsInLog = 0;
		};
/* End PBXShellScriptBuildPhase section */

/* Begin PBXSourcesBuildPhase section */
		F21506A7214F9FC600C6511D /* Sources */ = {
			isa = PBXSourcesBuildPhase;
			buildActionMask = 2147483647;
			files = (
				F21506CB214FA00700C6511D /* UnderlinedTextField.swift in Sources */,
				F21506B1214F9FC600C6511D /* ViewController.swift in Sources */,
				F21506D2214FAB5600C6511D /* CalenderVC.swift in Sources */,
				F21506CA214FA00700C6511D /* Custom_ImageView.swift in Sources */,
				F21506AF214F9FC600C6511D /* AppDelegate.swift in Sources */,
				F21506CE214FA00700C6511D /* Custom_Segment.swift in Sources */,
				F21506CD214FA00700C6511D /* Custom_Label.swift in Sources */,
				F2697242214FBDEA00B26CD0 /* todoVC.swift in Sources */,
				F21506CC214FA00700C6511D /* Custom_Button.swift in Sources */,
				F21506C9214FA00700C6511D /* ConfigureUserInterface.swift in Sources */,
				F2697244214FBE8100B26CD0 /* todoTC.swift in Sources */,
				F21506D0214FA00700C6511D /* customTF.swift in Sources */,
				F21506CF214FA00700C6511D /* Custom_View.swift in Sources */,
				F2E14535214FB542008AEBA7 /* calendarCell.swift in Sources */,
			);
			runOnlyForDeploymentPostprocessing = 0;
		};
/* End PBXSourcesBuildPhase section */

/* Begin PBXVariantGroup section */
		F21506B2214F9FC600C6511D /* Main.storyboard */ = {
			isa = PBXVariantGroup;
			children = (
				F21506B3214F9FC600C6511D /* Base */,
			);
			name = Main.storyboard;
			sourceTree = "<group>";
		};
		F21506B7214F9FC800C6511D /* LaunchScreen.storyboard */ = {
			isa = PBXVariantGroup;
			children = (
				F21506B8214F9FC800C6511D /* Base */,
			);
			name = LaunchScreen.storyboard;
			sourceTree = "<group>";
		};
/* End PBXVariantGroup section */

/* Begin XCBuildConfiguration section */
		F21506BB214F9FC800C6511D /* Debug */ = {
			isa = XCBuildConfiguration;
			buildSettings = {
				ALWAYS_SEARCH_USER_PATHS = NO;
				CLANG_ANALYZER_NONNULL = YES;
				CLANG_ANALYZER_NUMBER_OBJECT_CONVERSION = YES_AGGRESSIVE;
				CLANG_CXX_LANGUAGE_STANDARD = "gnu++14";
				CLANG_CXX_LIBRARY = "libc++";
				CLANG_ENABLE_MODULES = YES;
				CLANG_ENABLE_OBJC_ARC = YES;
				CLANG_ENABLE_OBJC_WEAK = YES;
				CLANG_WARN_BLOCK_CAPTURE_AUTORELEASING = YES;
				CLANG_WARN_BOOL_CONVERSION = YES;
				CLANG_WARN_COMMA = YES;
				CLANG_WARN_CONSTANT_CONVERSION = YES;
				CLANG_WARN_DEPRECATED_OBJC_IMPLEMENTATIONS = YES;
				CLANG_WARN_DIRECT_OBJC_ISA_USAGE = YES_ERROR;
				CLANG_WARN_DOCUMENTATION_COMMENTS = YES;
				CLANG_WARN_EMPTY_BODY = YES;
				CLANG_WARN_ENUM_CONVERSION = YES;
				CLANG_WARN_INFINITE_RECURSION = YES;
				CLANG_WARN_INT_CONVERSION = YES;
				CLANG_WARN_NON_LITERAL_NULL_CONVERSION = YES;
				CLANG_WARN_OBJC_IMPLICIT_RETAIN_SELF = YES;
				CLANG_WARN_OBJC_LITERAL_CONVERSION = YES;
				CLANG_WARN_OBJC_ROOT_CLASS = YES_ERROR;
				CLANG_WARN_RANGE_LOOP_ANALYSIS = YES;
				CLANG_WARN_STRICT_PROTOTYPES = YES;
				CLANG_WARN_SUSPICIOUS_MOVE = YES;
				CLANG_WARN_UNGUARDED_AVAILABILITY = YES_AGGRESSIVE;
				CLANG_WARN_UNREACHABLE_CODE = YES;
				CLANG_WARN__DUPLICATE_METHOD_MATCH = YES;
				CODE_SIGN_IDENTITY = "iPhone Developer";
				COPY_PHASE_STRIP = NO;
				DEBUG_INFORMATION_FORMAT = dwarf;
				ENABLE_STRICT_OBJC_MSGSEND = YES;
				ENABLE_TESTABILITY = YES;
				GCC_C_LANGUAGE_STANDARD = gnu11;
				GCC_DYNAMIC_NO_PIC = NO;
				GCC_NO_COMMON_BLOCKS = YES;
				GCC_OPTIMIZATION_LEVEL = 0;
				GCC_PREPROCESSOR_DEFINITIONS = (
					"DEBUG=1",
					"$(inherited)",
				);
				GCC_WARN_64_TO_32_BIT_CONVERSION = YES;
				GCC_WARN_ABOUT_RETURN_TYPE = YES_ERROR;
				GCC_WARN_UNDECLARED_SELECTOR = YES;
				GCC_WARN_UNINITIALIZED_AUTOS = YES_AGGRESSIVE;
				GCC_WARN_UNUSED_FUNCTION = YES;
				GCC_WARN_UNUSED_VARIABLE = YES;
				IPHONEOS_DEPLOYMENT_TARGET = 11.4;
				MTL_ENABLE_DEBUG_INFO = YES;
				ONLY_ACTIVE_ARCH = YES;
				SDKROOT = iphoneos;
				SWIFT_ACTIVE_COMPILATION_CONDITIONS = DEBUG;
				SWIFT_OPTIMIZATION_LEVEL = "-Onone";
			};
			name = Debug;
		};
		F21506BC214F9FC800C6511D /* Release */ = {
			isa = XCBuildConfiguration;
			buildSettings = {
				ALWAYS_SEARCH_USER_PATHS = NO;
				CLANG_ANALYZER_NONNULL = YES;
				CLANG_ANALYZER_NUMBER_OBJECT_CONVERSION = YES_AGGRESSIVE;
				CLANG_CXX_LANGUAGE_STANDARD = "gnu++14";
				CLANG_CXX_LIBRARY = "libc++";
				CLANG_ENABLE_MODULES = YES;
				CLANG_ENABLE_OBJC_ARC = YES;
				CLANG_ENABLE_OBJC_WEAK = YES;
				CLANG_WARN_BLOCK_CAPTURE_AUTORELEASING = YES;
				CLANG_WARN_BOOL_CONVERSION = YES;
				CLANG_WARN_COMMA = YES;
				CLANG_WARN_CONSTANT_CONVERSION = YES;
				CLANG_WARN_DEPRECATED_OBJC_IMPLEMENTATIONS = YES;
				CLANG_WARN_DIRECT_OBJC_ISA_USAGE = YES_ERROR;
				CLANG_WARN_DOCUMENTATION_COMMENTS = YES;
				CLANG_WARN_EMPTY_BODY = YES;
				CLANG_WARN_ENUM_CONVERSION = YES;
				CLANG_WARN_INFINITE_RECURSION = YES;
				CLANG_WARN_INT_CONVERSION = YES;
				CLANG_WARN_NON_LITERAL_NULL_CONVERSION = YES;
				CLANG_WARN_OBJC_IMPLICIT_RETAIN_SELF = YES;
				CLANG_WARN_OBJC_LITERAL_CONVERSION = YES;
				CLANG_WARN_OBJC_ROOT_CLASS = YES_ERROR;
				CLANG_WARN_RANGE_LOOP_ANALYSIS = YES;
				CLANG_WARN_STRICT_PROTOTYPES = YES;
				CLANG_WARN_SUSPICIOUS_MOVE = YES;
				CLANG_WARN_UNGUARDED_AVAILABILITY = YES_AGGRESSIVE;
				CLANG_WARN_UNREACHABLE_CODE = YES;
				CLANG_WARN__DUPLICATE_METHOD_MATCH = YES;
				CODE_SIGN_IDENTITY = "iPhone Developer";
				COPY_PHASE_STRIP = NO;
				DEBUG_INFORMATION_FORMAT = "dwarf-with-dsym";
				ENABLE_NS_ASSERTIONS = NO;
				ENABLE_STRICT_OBJC_MSGSEND = YES;
				GCC_C_LANGUAGE_STANDARD = gnu11;
				GCC_NO_COMMON_BLOCKS = YES;
				GCC_WARN_64_TO_32_BIT_CONVERSION = YES;
				GCC_WARN_ABOUT_RETURN_TYPE = YES_ERROR;
				GCC_WARN_UNDECLARED_SELECTOR = YES;
				GCC_WARN_UNINITIALIZED_AUTOS = YES_AGGRESSIVE;
				GCC_WARN_UNUSED_FUNCTION = YES;
				GCC_WARN_UNUSED_VARIABLE = YES;
				IPHONEOS_DEPLOYMENT_TARGET = 11.4;
				MTL_ENABLE_DEBUG_INFO = NO;
				SDKROOT = iphoneos;
				SWIFT_COMPILATION_MODE = wholemodule;
				SWIFT_OPTIMIZATION_LEVEL = "-O";
				VALIDATE_PRODUCT = YES;
			};
			name = Release;
		};
		F21506BE214F9FC800C6511D /* Debug */ = {
			isa = XCBuildConfiguration;
			baseConfigurationReference = 9EF9D132EF2EA89277D4C67A /* Pods-Marathon-TODO.debug.xcconfig */;
			buildSettings = {
				ASSETCATALOG_COMPILER_APPICON_NAME = AppIcon;
				CODE_SIGN_STYLE = Automatic;
				DEVELOPMENT_TEAM = SUBZ24DP5B;
				INFOPLIST_FILE = "Marathon-TODO/Info.plist";
				LD_RUNPATH_SEARCH_PATHS = (
					"$(inherited)",
					"@executable_path/Frameworks",
				);
				PRODUCT_BUNDLE_IDENTIFIER = "com.perception.Marathon-TODO";
				PRODUCT_NAME = "$(TARGET_NAME)";
				SWIFT_VERSION = 4.0;
				TARGETED_DEVICE_FAMILY = "1,2";
			};
			name = Debug;
		};
		F21506BF214F9FC800C6511D /* Release */ = {
			isa = XCBuildConfiguration;
			baseConfigurationReference = 51101F3505FE147E14CF26AE /* Pods-Marathon-TODO.release.xcconfig */;
			buildSettings = {
				ASSETCATALOG_COMPILER_APPICON_NAME = AppIcon;
				CODE_SIGN_STYLE = Automatic;
				DEVELOPMENT_TEAM = SUBZ24DP5B;
				INFOPLIST_FILE = "Marathon-TODO/Info.plist";
				LD_RUNPATH_SEARCH_PATHS = (
					"$(inherited)",
					"@executable_path/Frameworks",
				);
				PRODUCT_BUNDLE_IDENTIFIER = "com.perception.Marathon-TODO";
				PRODUCT_NAME = "$(TARGET_NAME)";
				SWIFT_VERSION = 4.0;
				TARGETED_DEVICE_FAMILY = "1,2";
			};
			name = Release;
		};
/* End XCBuildConfiguration section */

/* Begin XCConfigurationList section */
		F21506A6214F9FC600C6511D /* Build configuration list for PBXProject "Marathon-TODO" */ = {
			isa = XCConfigurationList;
			buildConfigurations = (
				F21506BB214F9FC800C6511D /* Debug */,
				F21506BC214F9FC800C6511D /* Release */,
			);
			defaultConfigurationIsVisible = 0;
			defaultConfigurationName = Release;
		};
		F21506BD214F9FC800C6511D /* Build configuration list for PBXNativeTarget "Marathon-TODO" */ = {
			isa = XCConfigurationList;
			buildConfigurations = (
				F21506BE214F9FC800C6511D /* Debug */,
				F21506BF214F9FC800C6511D /* Release */,
			);
			defaultConfigurationIsVisible = 0;
			defaultConfigurationName = Release;
		};
/* End XCConfigurationList section */
	};
	rootObject = F21506A3214F9FC600C6511D /* Project object */;
}
